
Microsoft Visual Studio Solution File, Format Version 12.00
# Visual Studio Version 17
VisualStudioVersion = 17.0.31512.422
MinimumVisualStudioVersion = 10.0.40219.1
Project("{9A19103F-16F7-4668-BE54-9A1E7A4F7556}") = "EjemploReal.Api", "EjemploReal.Api\EjemploReal.Api.csproj", "{D7834276-11BF-425B-9C7A-4A12380A9B21}"
EndProject
Project("{9A19103F-16F7-4668-BE54-9A1E7A4F7556}") = "EjemploReal.Web", "EjemploReal.Web\EjemploReal.Web.csproj", "{1B694CFD-FD8E-4C11-A060-15B2167D0D05}"
EndProject
Global
	GlobalSection(SolutionConfigurationPlatforms) = preSolution
		Debug|Any CPU = Debug|Any CPU
		Release|Any CPU = Release|Any CPU
	EndGlobalSection
	GlobalSection(ProjectConfigurationPlatforms) = postSolution
		{D7834276-11BF-425B-9C7A-4A12380A9B21}.Debug|Any CPU.ActiveCfg = Debug|Any CPU
		{D7834276-11BF-425B-9C7A-4A12380A9B21}.Debug|Any CPU.Build.0 = Debug|Any CPU
		{D7834276-11BF-425B-9C7A-4A12380A9B21}.Release|Any CPU.ActiveCfg = Release|Any CPU
		{D7834276-11BF-425B-9C7A-4A12380A9B21}.Release|Any CPU.Build.0 = Release|Any CPU
		{1B694CFD-FD8E-4C11-A060-15B2167D0D05}.Debug|Any CPU.ActiveCfg = Debug|Any CPU
		{1B694CFD-FD8E-4C11-A060-15B2167D0D05}.Debug|Any CPU.Build.0 = Debug|Any CPU
		{1B694CFD-FD8E-4C11-A060-15B2167D0D05}.Release|Any CPU.ActiveCfg = Release|Any CPU
		{1B694CFD-FD8E-4C11-A060-15B2167D0D05}.Release|Any CPU.Build.0 = Release|Any CPU
	EndGlobalSection
	GlobalSection(SolutionProperties) = preSolution
		HideSolutionNode = FALSE
	EndGlobalSection
	GlobalSection(ExtensibilityGlobals) = postSolution
		SolutionGuid = {EC07323B-FB40-4741-845B-5966DBC0371E}
	EndGlobalSection
EndGlobal
